
Microsoft Visual Studio Solution File, Format Version 12.00
# Visual Studio Version 16
VisualStudioVersion = 16.0.31313.79
MinimumVisualStudioVersion = 10.0.40219.1
Project("{9A19103F-16F7-4668-BE54-9A1E7A4F7556}") = "uaParserConsole", "uaParserConsole\uaParserConsole.csproj", "{EAF1FB71-C9A2-4DDB-AB96-D16752A2A688}"
EndProject
Project("{9A19103F-16F7-4668-BE54-9A1E7A4F7556}") = "uaParserLibrary", "uaParserLibrary\uaParserLibrary.csproj", "{8E43BB83-0835-4817-A49E-AE0286B03F42}"
EndProject
Project("{9A19103F-16F7-4668-BE54-9A1E7A4F7556}") = "uaParserTest", "uaParserTest\uaParserTest.csproj", "{2A1AA0B4-0DEA-4EE2-898F-6E3CB0130AE7}"
EndProject
Project("{9A19103F-16F7-4668-BE54-9A1E7A4F7556}") = "uaParserResource", "uaParserResource\uaParserResource.csproj", "{315BD678-A7EF-4197-A3A7-1AC907EE8820}"
EndProject
Project("{9A19103F-16F7-4668-BE54-9A1E7A4F7556}") = "uaParserMiddleware", "uaParserMiddleware\uaParserMiddleware.csproj", "{F5D3F4EE-1E9E-4510-81AB-BCCCA0C5E392}"
EndProject
Project("{9A19103F-16F7-4668-BE54-9A1E7A4F7556}") = "uaParserBlazorServerDemo", "uaParserBlazorServerDemo\uaParserBlazorServerDemo.csproj", "{A38670DE-17B0-40B3-99E7-63CC8AC2F671}"
EndProject
Project("{9A19103F-16F7-4668-BE54-9A1E7A4F7556}") = "uaParserBlazorWebAssemblyDemo", "uaParserBlazorWebAssemblyDemo\uaParserBlazorWebAssemblyDemo.csproj", "{AFCEC6BB-99B2-4269-8648-D17801B3E801}"
EndProject
Global
	GlobalSection(SolutionConfigurationPlatforms) = preSolution
		Debug|Any CPU = Debug|Any CPU
		Release|Any CPU = Release|Any CPU
	EndGlobalSection
	GlobalSection(ProjectConfigurationPlatforms) = postSolution
		{EAF1FB71-C9A2-4DDB-AB96-D16752A2A688}.Debug|Any CPU.ActiveCfg = Debug|Any CPU
		{EAF1FB71-C9A2-4DDB-AB96-D16752A2A688}.Debug|Any CPU.Build.0 = Debug|Any CPU
		{EAF1FB71-C9A2-4DDB-AB96-D16752A2A688}.Release|Any CPU.ActiveCfg = Release|Any CPU
		{EAF1FB71-C9A2-4DDB-AB96-D16752A2A688}.Release|Any CPU.Build.0 = Release|Any CPU
		{8E43BB83-0835-4817-A49E-AE0286B03F42}.Debug|Any CPU.ActiveCfg = Debug|Any CPU
		{8E43BB83-0835-4817-A49E-AE0286B03F42}.Debug|Any CPU.Build.0 = Debug|Any CPU
		{8E43BB83-0835-4817-A49E-AE0286B03F42}.Release|Any CPU.ActiveCfg = Release|Any CPU
		{8E43BB83-0835-4817-A49E-AE0286B03F42}.Release|Any CPU.Build.0 = Release|Any CPU
		{2A1AA0B4-0DEA-4EE2-898F-6E3CB0130AE7}.Debug|Any CPU.ActiveCfg = Debug|Any CPU
		{2A1AA0B4-0DEA-4EE2-898F-6E3CB0130AE7}.Debug|Any CPU.Build.0 = Debug|Any CPU
		{2A1AA0B4-0DEA-4EE2-898F-6E3CB0130AE7}.Release|Any CPU.ActiveCfg = Release|Any CPU
		{2A1AA0B4-0DEA-4EE2-898F-6E3CB0130AE7}.Release|Any CPU.Build.0 = Release|Any CPU
		{315BD678-A7EF-4197-A3A7-1AC907EE8820}.Debug|Any CPU.ActiveCfg = Debug|Any CPU
		{315BD678-A7EF-4197-A3A7-1AC907EE8820}.Debug|Any CPU.Build.0 = Debug|Any CPU
		{315BD678-A7EF-4197-A3A7-1AC907EE8820}.Release|Any CPU.ActiveCfg = Release|Any CPU
		{315BD678-A7EF-4197-A3A7-1AC907EE8820}.Release|Any CPU.Build.0 = Release|Any CPU
		{F5D3F4EE-1E9E-4510-81AB-BCCCA0C5E392}.Debug|Any CPU.ActiveCfg = Debug|Any CPU
		{F5D3F4EE-1E9E-4510-81AB-BCCCA0C5E392}.Debug|Any CPU.Build.0 = Debug|Any CPU
		{F5D3F4EE-1E9E-4510-81AB-BCCCA0C5E392}.Release|Any CPU.ActiveCfg = Release|Any CPU
		{F5D3F4EE-1E9E-4510-81AB-BCCCA0C5E392}.Release|Any CPU.Build.0 = Release|Any CPU
		{A38670DE-17B0-40B3-99E7-63CC8AC2F671}.Debug|Any CPU.ActiveCfg = Debug|Any CPU
		{A38670DE-17B0-40B3-99E7-63CC8AC2F671}.Debug|Any CPU.Build.0 = Debug|Any CPU
		{A38670DE-17B0-40B3-99E7-63CC8AC2F671}.Release|Any CPU.ActiveCfg = Release|Any CPU
		{A38670DE-17B0-40B3-99E7-63CC8AC2F671}.Release|Any CPU.Build.0 = Release|Any CPU
		{AFCEC6BB-99B2-4269-8648-D17801B3E801}.Debug|Any CPU.ActiveCfg = Debug|Any CPU
		{AFCEC6BB-99B2-4269-8648-D17801B3E801}.Debug|Any CPU.Build.0 = Debug|Any CPU
		{AFCEC6BB-99B2-4269-8648-D17801B3E801}.Release|Any CPU.ActiveCfg = Release|Any CPU
		{AFCEC6BB-99B2-4269-8648-D17801B3E801}.Release|Any CPU.Build.0 = Release|Any CPU
	EndGlobalSection
	GlobalSection(SolutionProperties) = preSolution
		HideSolutionNode = FALSE
	EndGlobalSection
	GlobalSection(ExtensibilityGlobals) = postSolution
		SolutionGuid = {FADEB504-C5B6-4486-BB58-33149E376D14}
	EndGlobalSection
EndGlobal
